
Microsoft Visual Studio Solution File, Format Version 12.00
# Visual Studio Version 17
VisualStudioVersion = 17.4.33205.214
MinimumVisualStudioVersion = 10.0.40219.1
Project("{9A19103F-16F7-4668-BE54-9A1E7A4F7556}") = "BlogSiteApplication", "BlogSiteApplication.csproj", "{9F003280-9F13-49B1-8F9B-A3BB8F12F8B4}"
EndProject
Project("{2150E333-8FDC-42A3-9474-1A3956D46DE8}") = "Solution Items", "Solution Items", "{6C102045-B0E9-4477-8F5E-AE6B1154083C}"
EndProject
Global
	GlobalSection(SolutionConfigurationPlatforms) = preSolution
		Debug|Any CPU = Debug|Any CPU
		Release|Any CPU = Release|Any CPU
	EndGlobalSection
	GlobalSection(ProjectConfigurationPlatforms) = postSolution
		{9F003280-9F13-49B1-8F9B-A3BB8F12F8B4}.Debug|Any CPU.ActiveCfg = Debug|Any CPU
		{9F003280-9F13-49B1-8F9B-A3BB8F12F8B4}.Debug|Any CPU.Build.0 = Debug|Any CPU
		{9F003280-9F13-49B1-8F9B-A3BB8F12F8B4}.Release|Any CPU.ActiveCfg = Release|Any CPU
		{9F003280-9F13-49B1-8F9B-A3BB8F12F8B4}.Release|Any CPU.Build.0 = Release|Any CPU
	EndGlobalSection
	GlobalSection(SolutionProperties) = preSolution
		HideSolutionNode = FALSE
	EndGlobalSection
	GlobalSection(ExtensibilityGlobals) = postSolution
		SolutionGuid = {2A1E08FB-A86C-4FB2-8FF2-DF5DE74B30DB}
	EndGlobalSection
EndGlobal
